
Microsoft Visual Studio Solution File, Format Version 12.00
# Visual Studio Version 16
VisualStudioVersion = 16.0.31702.278
MinimumVisualStudioVersion = 10.0.40219.1
Project("{FAE04EC0-301F-11D3-BF4B-00C04F79EFBC}") = "ProgramProject", "ProgramProject\ProgramProject.csproj", "{A75D40BC-2E7B-4183-ADB2-9AD008B33449}"
	ProjectSection(ProjectDependencies) = postProject
		{33C14D8E-2BAB-4B59-A516-B7C006F029DB} = {33C14D8E-2BAB-4B59-A516-B7C006F029DB}
		{F5520CB3-FF6B-49A5-A2F2-A06746AEF16B} = {F5520CB3-FF6B-49A5-A2F2-A06746AEF16B}
		{C34B22E9-8D8E-4F2C-BC49-DE21DEA71E33} = {C34B22E9-8D8E-4F2C-BC49-DE21DEA71E33}
	EndProjectSection
EndProject
Project("{FAE04EC0-301F-11D3-BF4B-00C04F79EFBC}") = "InterfacesProject", "InterfacesProject\InterfacesProject.csproj", "{C34B22E9-8D8E-4F2C-BC49-DE21DEA71E33}"
EndProject
Project("{FAE04EC0-301F-11D3-BF4B-00C04F79EFBC}") = "BlackProject", "BlackProject\BlackProject.csproj", "{33C14D8E-2BAB-4B59-A516-B7C006F029DB}"
EndProject
Project("{FAE04EC0-301F-11D3-BF4B-00C04F79EFBC}") = "FactoryProject", "FactoryProject\FactoryProject.csproj", "{F5520CB3-FF6B-49A5-A2F2-A06746AEF16B}"
EndProject
Project("{FAE04EC0-301F-11D3-BF4B-00C04F79EFBC}") = "OtherColorsProject", "OtherColorsProject\OtherColorsProject.csproj", "{C7A8CE94-AE64-4D58-8D4E-76127C90FD9F}"
EndProject
Global
	GlobalSection(SolutionConfigurationPlatforms) = preSolution
		Debug|Any CPU = Debug|Any CPU
		Release|Any CPU = Release|Any CPU
	EndGlobalSection
	GlobalSection(ProjectConfigurationPlatforms) = postSolution
		{A75D40BC-2E7B-4183-ADB2-9AD008B33449}.Debug|Any CPU.ActiveCfg = Debug|Any CPU
		{A75D40BC-2E7B-4183-ADB2-9AD008B33449}.Debug|Any CPU.Build.0 = Debug|Any CPU
		{A75D40BC-2E7B-4183-ADB2-9AD008B33449}.Release|Any CPU.ActiveCfg = Release|Any CPU
		{A75D40BC-2E7B-4183-ADB2-9AD008B33449}.Release|Any CPU.Build.0 = Release|Any CPU
		{C34B22E9-8D8E-4F2C-BC49-DE21DEA71E33}.Debug|Any CPU.ActiveCfg = Debug|Any CPU
		{C34B22E9-8D8E-4F2C-BC49-DE21DEA71E33}.Debug|Any CPU.Build.0 = Debug|Any CPU
		{C34B22E9-8D8E-4F2C-BC49-DE21DEA71E33}.Release|Any CPU.ActiveCfg = Release|Any CPU
		{C34B22E9-8D8E-4F2C-BC49-DE21DEA71E33}.Release|Any CPU.Build.0 = Release|Any CPU
		{33C14D8E-2BAB-4B59-A516-B7C006F029DB}.Debug|Any CPU.ActiveCfg = Debug|Any CPU
		{33C14D8E-2BAB-4B59-A516-B7C006F029DB}.Debug|Any CPU.Build.0 = Debug|Any CPU
		{33C14D8E-2BAB-4B59-A516-B7C006F029DB}.Release|Any CPU.ActiveCfg = Release|Any CPU
		{33C14D8E-2BAB-4B59-A516-B7C006F029DB}.Release|Any CPU.Build.0 = Release|Any CPU
		{F5520CB3-FF6B-49A5-A2F2-A06746AEF16B}.Debug|Any CPU.ActiveCfg = Debug|Any CPU
		{F5520CB3-FF6B-49A5-A2F2-A06746AEF16B}.Debug|Any CPU.Build.0 = Debug|Any CPU
		{F5520CB3-FF6B-49A5-A2F2-A06746AEF16B}.Release|Any CPU.ActiveCfg = Release|Any CPU
		{F5520CB3-FF6B-49A5-A2F2-A06746AEF16B}.Release|Any CPU.Build.0 = Release|Any CPU
		{C7A8CE94-AE64-4D58-8D4E-76127C90FD9F}.Debug|Any CPU.ActiveCfg = Debug|Any CPU
		{C7A8CE94-AE64-4D58-8D4E-76127C90FD9F}.Debug|Any CPU.Build.0 = Debug|Any CPU
		{C7A8CE94-AE64-4D58-8D4E-76127C90FD9F}.Release|Any CPU.ActiveCfg = Release|Any CPU
		{C7A8CE94-AE64-4D58-8D4E-76127C90FD9F}.Release|Any CPU.Build.0 = Release|Any CPU
	EndGlobalSection
	GlobalSection(SolutionProperties) = preSolution
		HideSolutionNode = FALSE
	EndGlobalSection
	GlobalSection(ExtensibilityGlobals) = postSolution
		SolutionGuid = {9B35065D-17D7-4006-8CE8-15DAD727222A}
	EndGlobalSection
EndGlobal
