
Microsoft Visual Studio Solution File, Format Version 12.00
# Visual Studio Version 16
VisualStudioVersion = 16.0.31702.278
MinimumVisualStudioVersion = 10.0.40219.1
Project("{FAE04EC0-301F-11D3-BF4B-00C04F79EFBC}") = "ClassesTesting", "ClassesTesting\ClassesTesting.csproj", "{C498F2B3-7CB4-441E-B4E8-652277644720}"
EndProject
Global
	GlobalSection(SolutionConfigurationPlatforms) = preSolution
		Debug|Any CPU = Debug|Any CPU
		Release|Any CPU = Release|Any CPU
	EndGlobalSection
	GlobalSection(ProjectConfigurationPlatforms) = postSolution
		{C498F2B3-7CB4-441E-B4E8-652277644720}.Debug|Any CPU.ActiveCfg = Debug|Any CPU
		{C498F2B3-7CB4-441E-B4E8-652277644720}.Debug|Any CPU.Build.0 = Debug|Any CPU
		{C498F2B3-7CB4-441E-B4E8-652277644720}.Release|Any CPU.ActiveCfg = Release|Any CPU
		{C498F2B3-7CB4-441E-B4E8-652277644720}.Release|Any CPU.Build.0 = Release|Any CPU
	EndGlobalSection
	GlobalSection(SolutionProperties) = preSolution
		HideSolutionNode = FALSE
	EndGlobalSection
	GlobalSection(ExtensibilityGlobals) = postSolution
		SolutionGuid = {2A16DF34-0B5D-4185-865F-CA8E7DBC1EAA}
	EndGlobalSection
EndGlobal
