
Microsoft Visual Studio Solution File, Format Version 12.00
# Visual Studio Version 16
VisualStudioVersion = 16.0.31702.278
MinimumVisualStudioVersion = 10.0.40219.1
Project("{FAE04EC0-301F-11D3-BF4B-00C04F79EFBC}") = "CountYourLetters", "CountYourLetters\CountYourLetters.csproj", "{ABDCA754-6C1B-4BF1-9E81-29C133CF735B}"
EndProject
Global
	GlobalSection(SolutionConfigurationPlatforms) = preSolution
		Debug|Any CPU = Debug|Any CPU
		Release|Any CPU = Release|Any CPU
	EndGlobalSection
	GlobalSection(ProjectConfigurationPlatforms) = postSolution
		{ABDCA754-6C1B-4BF1-9E81-29C133CF735B}.Debug|Any CPU.ActiveCfg = Debug|Any CPU
		{ABDCA754-6C1B-4BF1-9E81-29C133CF735B}.Debug|Any CPU.Build.0 = Debug|Any CPU
		{ABDCA754-6C1B-4BF1-9E81-29C133CF735B}.Release|Any CPU.ActiveCfg = Release|Any CPU
		{ABDCA754-6C1B-4BF1-9E81-29C133CF735B}.Release|Any CPU.Build.0 = Release|Any CPU
	EndGlobalSection
	GlobalSection(SolutionProperties) = preSolution
		HideSolutionNode = FALSE
	EndGlobalSection
	GlobalSection(ExtensibilityGlobals) = postSolution
		SolutionGuid = {9847F9F9-BA40-45A4-A70A-BEA3C3C98727}
	EndGlobalSection
EndGlobal
